
Microsoft Visual Studio Solution File, Format Version 12.00
# Visual Studio 2012
Project("{2150E333-8FDC-42A3-9474-1A3956D46DE8}") = "FIXTestAcceptor", "FIXTestAcceptor", "{252CA8C8-5651-4FA5-9D95-D76B310ECBBF}"
EndProject
Project("{2150E333-8FDC-42A3-9474-1A3956D46DE8}") = "FIXTestInitator", "FIXTestInitator", "{FCB902B2-BF2D-4AF2-8C6F-4B3AC97467E3}"
EndProject
Project("{FAE04EC0-301F-11D3-BF4B-00C04F79EFBC}") = "FIXInitator", "FIXTestInitator\FIXInitator.csproj", "{3E89F33C-D97A-4F6F-8A72-904ED2443E11}"
EndProject
Project("{FAE04EC0-301F-11D3-BF4B-00C04F79EFBC}") = "FIXAcceptor", "FIXTestAcceptor\FIXAcceptor.csproj", "{59DB8900-1847-4D16-8E33-63653B83A5D9}"
EndProject
Global
	GlobalSection(SolutionConfigurationPlatforms) = preSolution
		Debug|Any CPU = Debug|Any CPU
		Release|Any CPU = Release|Any CPU
	EndGlobalSection
	GlobalSection(ProjectConfigurationPlatforms) = postSolution
		{3E89F33C-D97A-4F6F-8A72-904ED2443E11}.Debug|Any CPU.ActiveCfg = Debug|Any CPU
		{3E89F33C-D97A-4F6F-8A72-904ED2443E11}.Debug|Any CPU.Build.0 = Debug|Any CPU
		{3E89F33C-D97A-4F6F-8A72-904ED2443E11}.Release|Any CPU.ActiveCfg = Release|Any CPU
		{3E89F33C-D97A-4F6F-8A72-904ED2443E11}.Release|Any CPU.Build.0 = Release|Any CPU
		{59DB8900-1847-4D16-8E33-63653B83A5D9}.Debug|Any CPU.ActiveCfg = Debug|Any CPU
		{59DB8900-1847-4D16-8E33-63653B83A5D9}.Debug|Any CPU.Build.0 = Debug|Any CPU
		{59DB8900-1847-4D16-8E33-63653B83A5D9}.Release|Any CPU.ActiveCfg = Release|Any CPU
		{59DB8900-1847-4D16-8E33-63653B83A5D9}.Release|Any CPU.Build.0 = Release|Any CPU
	EndGlobalSection
	GlobalSection(SolutionProperties) = preSolution
		HideSolutionNode = FALSE
	EndGlobalSection
	GlobalSection(NestedProjects) = preSolution
		{59DB8900-1847-4D16-8E33-63653B83A5D9} = {252CA8C8-5651-4FA5-9D95-D76B310ECBBF}
		{3E89F33C-D97A-4F6F-8A72-904ED2443E11} = {FCB902B2-BF2D-4AF2-8C6F-4B3AC97467E3}
	EndGlobalSection
EndGlobal
