
Microsoft Visual Studio Solution File, Format Version 12.00
# Visual Studio 2012
Project("{2150E333-8FDC-42A3-9474-1A3956D46DE8}") = "FIXTestAcceptor", "FIXTestAcceptor", "{252CA8C8-5651-4FA5-9D95-D76B310ECBBF}"
EndProject
Project("{2150E333-8FDC-42A3-9474-1A3956D46DE8}") = "FIXTestInitator", "FIXTestInitator", "{FCB902B2-BF2D-4AF2-8C6F-4B3AC97467E3}"
EndProject
Project("{FAE04EC0-301F-11D3-BF4B-00C04F79EFBC}") = "FIXInitator", "FIXTestInitator\FIXInitator.csproj", "{3E89F33C-D97A-4F6F-8A72-904ED2443E11}"
EndProject
Project("{FAE04EC0-301F-11D3-BF4B-00C04F79EFBC}") = "FIXAcceptor", "FIXTestAcceptor\FIXAcceptor.csproj", "{59DB8900-1847-4D16-8E33-63653B83A5D9}"
EndProject
Project("{FAE04EC0-301F-11D3-BF4B-00C04F79EFBC}") = "FIXInitiator2", "FIXInitiator2\FIXInitiator2.csproj", "{030FD561-30F7-40F5-9A50-F1DE6639ABAB}"
EndProject
Project("{2150E333-8FDC-42A3-9474-1A3956D46DE8}") = "Test Clients", "Test Clients", "{F6631713-F3F1-480B-928B-B30AE3A673D2}"
EndProject
Project("{2150E333-8FDC-42A3-9474-1A3956D46DE8}") = "Framework", "Framework", "{460A63D3-7137-4A28-AD2E-47FD73D8F8B5}"
EndProject
Project("{FAE04EC0-301F-11D3-BF4B-00C04F79EFBC}") = "Fwk.Main", "source\Framework\Fwk.Main\Fwk.Main.csproj", "{FDD95744-0AD8-4AD3-80A4-94B490A29B85}"
EndProject
Project("{FAE04EC0-301F-11D3-BF4B-00C04F79EFBC}") = "Fwk.Main.BusinessEntities", "source\Framework\Fwk.Main.BusinessEntities\Fwk.Main.BusinessEntities.csproj", "{97F7F85D-864C-44ED-8901-547F2F693427}"
EndProject
Project("{FAE04EC0-301F-11D3-BF4B-00C04F79EFBC}") = "Fwk.Main.Common", "source\Framework\Fwk.Main.Common\Fwk.Main.Common.csproj", "{4A57ED3B-774D-4344-B091-3328838F57F5}"
EndProject
Project("{2150E333-8FDC-42A3-9474-1A3956D46DE8}") = "Testing Modules", "Testing Modules", "{3B7B7CAF-D4AD-4310-BEAE-83ECEFC0BD56}"
EndProject
Project("{2150E333-8FDC-42A3-9474-1A3956D46DE8}") = "Generic", "Generic", "{7FAFE5B4-35F5-43BA-A9CF-E708C54A3B50}"
EndProject
Project("{2150E333-8FDC-42A3-9474-1A3956D46DE8}") = "Mock", "Mock", "{5C0CFA05-2CF4-4B00-9412-80D31350EC97}"
EndProject
Project("{2150E333-8FDC-42A3-9474-1A3956D46DE8}") = "FIX Modules", "FIX Modules", "{A154433C-490E-415F-BCAD-781AB5527841}"
EndProject
Project("{2150E333-8FDC-42A3-9474-1A3956D46DE8}") = "Test Platforms", "Test Platforms", "{68DE1BB8-F63E-47A9-B79B-59EF704F31F1}"
EndProject
Project("{2150E333-8FDC-42A3-9474-1A3956D46DE8}") = "MockTestPlatform", "MockTestPlatform", "{C1EAC222-4494-4DC3-BA5D-9A64046EF5D7}"
EndProject
Project("{FAE04EC0-301F-11D3-BF4B-00C04F79EFBC}") = "MockTestPlatform", "MockTestPlatform\MockTestPlatform.csproj", "{77223EBA-4D72-493A-96B1-846990B97DE6}"
EndProject
Project("{2150E333-8FDC-42A3-9474-1A3956D46DE8}") = "FIXCommModule", "FIXCommModule", "{8641923C-4D0E-4458-9CA7-E4CD5547C039}"
EndProject
Project("{FAE04EC0-301F-11D3-BF4B-00C04F79EFBC}") = "FIXCommModule", "FIXCommModule\FIXCommModule.csproj", "{28A0822E-A3FC-409B-A372-CB5F1B2A3413}"
EndProject
Project("{FAE04EC0-301F-11D3-BF4B-00C04F79EFBC}") = "FIXCommModule.Common", "FIXCommModule.Common\FIXCommModule.Common.csproj", "{21C8024F-BF63-4697-90D1-BAD841443B3E}"
EndProject
Project("{FAE04EC0-301F-11D3-BF4B-00C04F79EFBC}") = "Fwk.Main.LogicLayer", "Fwk.Main.LogicLayer\Fwk.Main.LogicLayer.csproj", "{075CC3DB-2F95-410A-A817-E182E4EDEF54}"
EndProject
Project("{FAE04EC0-301F-11D3-BF4B-00C04F79EFBC}") = "FIXGenericTesterModule", "FIXGenericTesterModule\FIXGenericTesterModule.csproj", "{79823E2E-E3ED-422D-A934-55F8609BD0AA}"
EndProject
Project("{FAE04EC0-301F-11D3-BF4B-00C04F79EFBC}") = "FIXGenericTesterModule.Common", "FIXGenericTesterModule.Common\FIXGenericTesterModule.Common.csproj", "{FAF78886-929C-429B-897B-06461EE1BDED}"
EndProject
Project("{FAE04EC0-301F-11D3-BF4B-00C04F79EFBC}") = "FIXGenericTesterModule.LogicLayer", "FIXGenericTesterModule.LogicLayer\FIXGenericTesterModule.LogicLayer.csproj", "{8F73E587-BF15-415D-BE6D-E26EA31A1DD5}"
EndProject
Project("{FAE04EC0-301F-11D3-BF4B-00C04F79EFBC}") = "FIXCommModule.LogicLayer", "FIXCommModule.LogicLayer\FIXCommModule.LogicLayer.csproj", "{F2C8B6CC-BA92-43A4-B911-32CF3611B91D}"
EndProject
Global
	GlobalSection(SolutionConfigurationPlatforms) = preSolution
		Debug|Any CPU = Debug|Any CPU
		Release|Any CPU = Release|Any CPU
	EndGlobalSection
	GlobalSection(ProjectConfigurationPlatforms) = postSolution
		{3E89F33C-D97A-4F6F-8A72-904ED2443E11}.Debug|Any CPU.ActiveCfg = Debug|Any CPU
		{3E89F33C-D97A-4F6F-8A72-904ED2443E11}.Debug|Any CPU.Build.0 = Debug|Any CPU
		{3E89F33C-D97A-4F6F-8A72-904ED2443E11}.Release|Any CPU.ActiveCfg = Release|Any CPU
		{3E89F33C-D97A-4F6F-8A72-904ED2443E11}.Release|Any CPU.Build.0 = Release|Any CPU
		{59DB8900-1847-4D16-8E33-63653B83A5D9}.Debug|Any CPU.ActiveCfg = Debug|Any CPU
		{59DB8900-1847-4D16-8E33-63653B83A5D9}.Debug|Any CPU.Build.0 = Debug|Any CPU
		{59DB8900-1847-4D16-8E33-63653B83A5D9}.Release|Any CPU.ActiveCfg = Release|Any CPU
		{59DB8900-1847-4D16-8E33-63653B83A5D9}.Release|Any CPU.Build.0 = Release|Any CPU
		{030FD561-30F7-40F5-9A50-F1DE6639ABAB}.Debug|Any CPU.ActiveCfg = Debug|Any CPU
		{030FD561-30F7-40F5-9A50-F1DE6639ABAB}.Debug|Any CPU.Build.0 = Debug|Any CPU
		{030FD561-30F7-40F5-9A50-F1DE6639ABAB}.Release|Any CPU.ActiveCfg = Release|Any CPU
		{030FD561-30F7-40F5-9A50-F1DE6639ABAB}.Release|Any CPU.Build.0 = Release|Any CPU
		{FDD95744-0AD8-4AD3-80A4-94B490A29B85}.Debug|Any CPU.ActiveCfg = Debug|Any CPU
		{FDD95744-0AD8-4AD3-80A4-94B490A29B85}.Debug|Any CPU.Build.0 = Debug|Any CPU
		{FDD95744-0AD8-4AD3-80A4-94B490A29B85}.Release|Any CPU.ActiveCfg = Release|Any CPU
		{FDD95744-0AD8-4AD3-80A4-94B490A29B85}.Release|Any CPU.Build.0 = Release|Any CPU
		{97F7F85D-864C-44ED-8901-547F2F693427}.Debug|Any CPU.ActiveCfg = Debug|Any CPU
		{97F7F85D-864C-44ED-8901-547F2F693427}.Debug|Any CPU.Build.0 = Debug|Any CPU
		{97F7F85D-864C-44ED-8901-547F2F693427}.Release|Any CPU.ActiveCfg = Release|Any CPU
		{97F7F85D-864C-44ED-8901-547F2F693427}.Release|Any CPU.Build.0 = Release|Any CPU
		{4A57ED3B-774D-4344-B091-3328838F57F5}.Debug|Any CPU.ActiveCfg = Debug|Any CPU
		{4A57ED3B-774D-4344-B091-3328838F57F5}.Debug|Any CPU.Build.0 = Debug|Any CPU
		{4A57ED3B-774D-4344-B091-3328838F57F5}.Release|Any CPU.ActiveCfg = Release|Any CPU
		{4A57ED3B-774D-4344-B091-3328838F57F5}.Release|Any CPU.Build.0 = Release|Any CPU
		{77223EBA-4D72-493A-96B1-846990B97DE6}.Debug|Any CPU.ActiveCfg = Debug|Any CPU
		{77223EBA-4D72-493A-96B1-846990B97DE6}.Debug|Any CPU.Build.0 = Debug|Any CPU
		{77223EBA-4D72-493A-96B1-846990B97DE6}.Release|Any CPU.ActiveCfg = Release|Any CPU
		{77223EBA-4D72-493A-96B1-846990B97DE6}.Release|Any CPU.Build.0 = Release|Any CPU
		{28A0822E-A3FC-409B-A372-CB5F1B2A3413}.Debug|Any CPU.ActiveCfg = Debug|Any CPU
		{28A0822E-A3FC-409B-A372-CB5F1B2A3413}.Debug|Any CPU.Build.0 = Debug|Any CPU
		{28A0822E-A3FC-409B-A372-CB5F1B2A3413}.Release|Any CPU.ActiveCfg = Release|Any CPU
		{28A0822E-A3FC-409B-A372-CB5F1B2A3413}.Release|Any CPU.Build.0 = Release|Any CPU
		{21C8024F-BF63-4697-90D1-BAD841443B3E}.Debug|Any CPU.ActiveCfg = Debug|Any CPU
		{21C8024F-BF63-4697-90D1-BAD841443B3E}.Debug|Any CPU.Build.0 = Debug|Any CPU
		{21C8024F-BF63-4697-90D1-BAD841443B3E}.Release|Any CPU.ActiveCfg = Release|Any CPU
		{21C8024F-BF63-4697-90D1-BAD841443B3E}.Release|Any CPU.Build.0 = Release|Any CPU
		{075CC3DB-2F95-410A-A817-E182E4EDEF54}.Debug|Any CPU.ActiveCfg = Debug|Any CPU
		{075CC3DB-2F95-410A-A817-E182E4EDEF54}.Debug|Any CPU.Build.0 = Debug|Any CPU
		{075CC3DB-2F95-410A-A817-E182E4EDEF54}.Release|Any CPU.ActiveCfg = Release|Any CPU
		{075CC3DB-2F95-410A-A817-E182E4EDEF54}.Release|Any CPU.Build.0 = Release|Any CPU
		{79823E2E-E3ED-422D-A934-55F8609BD0AA}.Debug|Any CPU.ActiveCfg = Debug|Any CPU
		{79823E2E-E3ED-422D-A934-55F8609BD0AA}.Debug|Any CPU.Build.0 = Debug|Any CPU
		{79823E2E-E3ED-422D-A934-55F8609BD0AA}.Release|Any CPU.ActiveCfg = Release|Any CPU
		{79823E2E-E3ED-422D-A934-55F8609BD0AA}.Release|Any CPU.Build.0 = Release|Any CPU
		{FAF78886-929C-429B-897B-06461EE1BDED}.Debug|Any CPU.ActiveCfg = Debug|Any CPU
		{FAF78886-929C-429B-897B-06461EE1BDED}.Debug|Any CPU.Build.0 = Debug|Any CPU
		{FAF78886-929C-429B-897B-06461EE1BDED}.Release|Any CPU.ActiveCfg = Release|Any CPU
		{FAF78886-929C-429B-897B-06461EE1BDED}.Release|Any CPU.Build.0 = Release|Any CPU
		{8F73E587-BF15-415D-BE6D-E26EA31A1DD5}.Debug|Any CPU.ActiveCfg = Debug|Any CPU
		{8F73E587-BF15-415D-BE6D-E26EA31A1DD5}.Debug|Any CPU.Build.0 = Debug|Any CPU
		{8F73E587-BF15-415D-BE6D-E26EA31A1DD5}.Release|Any CPU.ActiveCfg = Release|Any CPU
		{8F73E587-BF15-415D-BE6D-E26EA31A1DD5}.Release|Any CPU.Build.0 = Release|Any CPU
		{F2C8B6CC-BA92-43A4-B911-32CF3611B91D}.Debug|Any CPU.ActiveCfg = Debug|Any CPU
		{F2C8B6CC-BA92-43A4-B911-32CF3611B91D}.Debug|Any CPU.Build.0 = Debug|Any CPU
		{F2C8B6CC-BA92-43A4-B911-32CF3611B91D}.Release|Any CPU.ActiveCfg = Release|Any CPU
		{F2C8B6CC-BA92-43A4-B911-32CF3611B91D}.Release|Any CPU.Build.0 = Release|Any CPU
	EndGlobalSection
	GlobalSection(SolutionProperties) = preSolution
		HideSolutionNode = FALSE
	EndGlobalSection
	GlobalSection(NestedProjects) = preSolution
		{FCB902B2-BF2D-4AF2-8C6F-4B3AC97467E3} = {F6631713-F3F1-480B-928B-B30AE3A673D2}
		{252CA8C8-5651-4FA5-9D95-D76B310ECBBF} = {F6631713-F3F1-480B-928B-B30AE3A673D2}
		{68DE1BB8-F63E-47A9-B79B-59EF704F31F1} = {F6631713-F3F1-480B-928B-B30AE3A673D2}
		{3E89F33C-D97A-4F6F-8A72-904ED2443E11} = {FCB902B2-BF2D-4AF2-8C6F-4B3AC97467E3}
		{030FD561-30F7-40F5-9A50-F1DE6639ABAB} = {FCB902B2-BF2D-4AF2-8C6F-4B3AC97467E3}
		{59DB8900-1847-4D16-8E33-63653B83A5D9} = {252CA8C8-5651-4FA5-9D95-D76B310ECBBF}
		{FDD95744-0AD8-4AD3-80A4-94B490A29B85} = {460A63D3-7137-4A28-AD2E-47FD73D8F8B5}
		{97F7F85D-864C-44ED-8901-547F2F693427} = {460A63D3-7137-4A28-AD2E-47FD73D8F8B5}
		{4A57ED3B-774D-4344-B091-3328838F57F5} = {460A63D3-7137-4A28-AD2E-47FD73D8F8B5}
		{075CC3DB-2F95-410A-A817-E182E4EDEF54} = {460A63D3-7137-4A28-AD2E-47FD73D8F8B5}
		{7FAFE5B4-35F5-43BA-A9CF-E708C54A3B50} = {3B7B7CAF-D4AD-4310-BEAE-83ECEFC0BD56}
		{5C0CFA05-2CF4-4B00-9412-80D31350EC97} = {3B7B7CAF-D4AD-4310-BEAE-83ECEFC0BD56}
		{79823E2E-E3ED-422D-A934-55F8609BD0AA} = {7FAFE5B4-35F5-43BA-A9CF-E708C54A3B50}
		{FAF78886-929C-429B-897B-06461EE1BDED} = {7FAFE5B4-35F5-43BA-A9CF-E708C54A3B50}
		{8F73E587-BF15-415D-BE6D-E26EA31A1DD5} = {7FAFE5B4-35F5-43BA-A9CF-E708C54A3B50}
		{8641923C-4D0E-4458-9CA7-E4CD5547C039} = {A154433C-490E-415F-BCAD-781AB5527841}
		{C1EAC222-4494-4DC3-BA5D-9A64046EF5D7} = {68DE1BB8-F63E-47A9-B79B-59EF704F31F1}
		{77223EBA-4D72-493A-96B1-846990B97DE6} = {C1EAC222-4494-4DC3-BA5D-9A64046EF5D7}
		{28A0822E-A3FC-409B-A372-CB5F1B2A3413} = {8641923C-4D0E-4458-9CA7-E4CD5547C039}
		{21C8024F-BF63-4697-90D1-BAD841443B3E} = {8641923C-4D0E-4458-9CA7-E4CD5547C039}
		{F2C8B6CC-BA92-43A4-B911-32CF3611B91D} = {8641923C-4D0E-4458-9CA7-E4CD5547C039}
	EndGlobalSection
EndGlobal
